// !$*UTF8*$!
{
	archiveVersion = 1;
	classes = {
	};
	objectVersion = 56;
	objects = {

/* Begin PBXBuildFile section */
		BC1C5D7F29D510D30000BFFB /* ConfirmHabitViewController.swift in Sources */ = {isa = PBXBuildFile; fileRef = BC1C5D7D29D510D30000BFFB /* ConfirmHabitViewController.swift */; };
		BC1C5D8029D510D30000BFFB /* ConfirmHabitViewController.xib in Resources */ = {isa = PBXBuildFile; fileRef = BC1C5D7E29D510D30000BFFB /* ConfirmHabitViewController.xib */; };
		BC5D1EF229DB7EAA00A204A4 /* HabitDetailViewController.swift in Sources */ = {isa = PBXBuildFile; fileRef = BC5D1EF029DB7EAA00A204A4 /* HabitDetailViewController.swift */; };
		BC5D1EF329DB7EAA00A204A4 /* HabitDetailViewController.xib in Resources */ = {isa = PBXBuildFile; fileRef = BC5D1EF129DB7EAA00A204A4 /* HabitDetailViewController.xib */; };
		BC8795E429D268DE001CDCA6 /* PersistenceLayer.swift in Sources */ = {isa = PBXBuildFile; fileRef = BC8795E329D268DE001CDCA6 /* PersistenceLayer.swift */; };
		BC8795E729D26BB7001CDCA6 /* AddHabitViewController.swift in Sources */ = {isa = PBXBuildFile; fileRef = BC8795E529D26BB7001CDCA6 /* AddHabitViewController.swift */; };
		BC8795E829D26BB7001CDCA6 /* AddHabitViewController.xib in Resources */ = {isa = PBXBuildFile; fileRef = BC8795E629D26BB7001CDCA6 /* AddHabitViewController.xib */; };
		BC8795EB29D26F74001CDCA6 /* HabitImageCollectionViewCell.swift in Sources */ = {isa = PBXBuildFile; fileRef = BC8795E929D26F74001CDCA6 /* HabitImageCollectionViewCell.swift */; };
		BC8795EC29D26F74001CDCA6 /* HabitImageCollectionViewCell.xib in Resources */ = {isa = PBXBuildFile; fileRef = BC8795EA29D26F74001CDCA6 /* HabitImageCollectionViewCell.xib */; };
		BC9D5C3529C28A8C0047B05A /* AppDelegate.swift in Sources */ = {isa = PBXBuildFile; fileRef = BC9D5C3429C28A8C0047B05A /* AppDelegate.swift */; };
		BC9D5C3729C28A8C0047B05A /* SceneDelegate.swift in Sources */ = {isa = PBXBuildFile; fileRef = BC9D5C3629C28A8C0047B05A /* SceneDelegate.swift */; };
		BC9D5C3E29C28A900047B05A /* Assets.xcassets in Resources */ = {isa = PBXBuildFile; fileRef = BC9D5C3D29C28A900047B05A /* Assets.xcassets */; };
		BC9D5C4129C28A900047B05A /* LaunchScreen.storyboard in Resources */ = {isa = PBXBuildFile; fileRef = BC9D5C3F29C28A900047B05A /* LaunchScreen.storyboard */; };
		BC9D5C4A29C28D430047B05A /* HabitsTableViewController.swift in Sources */ = {isa = PBXBuildFile; fileRef = BC9D5C4829C28D420047B05A /* HabitsTableViewController.swift */; };
		BC9D5C4B29C28D430047B05A /* HabitsTableViewController.xib in Resources */ = {isa = PBXBuildFile; fileRef = BC9D5C4929C28D430047B05A /* HabitsTableViewController.xib */; };
		BC9D5C4E29C28DF70047B05A /* UIViewControllerExtensions.swift in Sources */ = {isa = PBXBuildFile; fileRef = BC9D5C4D29C28DF70047B05A /* UIViewControllerExtensions.swift */; };
		BC9D5C7029C9261D0047B05A /* Habit.swift in Sources */ = {isa = PBXBuildFile; fileRef = BC9D5C6F29C9261D0047B05A /* Habit.swift */; };
		BC9D5C7229C9278B0047B05A /* DateExtensions.swift in Sources */ = {isa = PBXBuildFile; fileRef = BC9D5C7129C9278B0047B05A /* DateExtensions.swift */; };
		BCEC293829CBC6FE0093FFE3 /* HabitTableViewCell.swift in Sources */ = {isa = PBXBuildFile; fileRef = BCEC293629CBC6FE0093FFE3 /* HabitTableViewCell.swift */; };
		BCEC293929CBC6FE0093FFE3 /* HabitTableViewCell.xib in Resources */ = {isa = PBXBuildFile; fileRef = BCEC293729CBC6FE0093FFE3 /* HabitTableViewCell.xib */; };
/* End PBXBuildFile section */

/* Begin PBXFileReference section */
		BC1C5D7D29D510D30000BFFB /* ConfirmHabitViewController.swift */ = {isa = PBXFileReference; lastKnownFileType = sourcecode.swift; path = ConfirmHabitViewController.swift; sourceTree = "<group>"; };
		BC1C5D7E29D510D30000BFFB /* ConfirmHabitViewController.xib */ = {isa = PBXFileReference; lastKnownFileType = file.xib; path = ConfirmHabitViewController.xib; sourceTree = "<group>"; };
		BC5D1EF029DB7EAA00A204A4 /* HabitDetailViewController.swift */ = {isa = PBXFileReference; lastKnownFileType = sourcecode.swift; path = HabitDetailViewController.swift; sourceTree = "<group>"; };
		BC5D1EF129DB7EAA00A204A4 /* HabitDetailViewController.xib */ = {isa = PBXFileReference; lastKnownFileType = file.xib; path = HabitDetailViewController.xib; sourceTree = "<group>"; };
		BC8795E329D268DE001CDCA6 /* PersistenceLayer.swift */ = {isa = PBXFileReference; lastKnownFileType = sourcecode.swift; path = PersistenceLayer.swift; sourceTree = "<group>"; };
		BC8795E529D26BB7001CDCA6 /* AddHabitViewController.swift */ = {isa = PBXFileReference; lastKnownFileType = sourcecode.swift; path = AddHabitViewController.swift; sourceTree = "<group>"; };
		BC8795E629D26BB7001CDCA6 /* AddHabitViewController.xib */ = {isa = PBXFileReference; lastKnownFileType = file.xib; path = AddHabitViewController.xib; sourceTree = "<group>"; };
		BC8795E929D26F74001CDCA6 /* HabitImageCollectionViewCell.swift */ = {isa = PBXFileReference; lastKnownFileType = sourcecode.swift; path = HabitImageCollectionViewCell.swift; sourceTree = "<group>"; };
		BC8795EA29D26F74001CDCA6 /* HabitImageCollectionViewCell.xib */ = {isa = PBXFileReference; lastKnownFileType = file.xib; path = HabitImageCollectionViewCell.xib; sourceTree = "<group>"; };
		BC9D5C3129C28A8C0047B05A /* Habitual.app */ = {isa = PBXFileReference; explicitFileType = wrapper.application; includeInIndex = 0; path = Habitual.app; sourceTree = BUILT_PRODUCTS_DIR; };
		BC9D5C3429C28A8C0047B05A /* AppDelegate.swift */ = {isa = PBXFileReference; lastKnownFileType = sourcecode.swift; path = AppDelegate.swift; sourceTree = "<group>"; };
		BC9D5C3629C28A8C0047B05A /* SceneDelegate.swift */ = {isa = PBXFileReference; lastKnownFileType = sourcecode.swift; path = SceneDelegate.swift; sourceTree = "<group>"; };
		BC9D5C3D29C28A900047B05A /* Assets.xcassets */ = {isa = PBXFileReference; lastKnownFileType = folder.assetcatalog; path = Assets.xcassets; sourceTree = "<group>"; };
		BC9D5C4029C28A900047B05A /* Base */ = {isa = PBXFileReference; lastKnownFileType = file.storyboard; name = Base; path = Base.lproj/LaunchScreen.storyboard; sourceTree = "<group>"; };
		BC9D5C4229C28A900047B05A /* Info.plist */ = {isa = PBXFileReference; lastKnownFileType = text.plist.xml; path = Info.plist; sourceTree = "<group>"; };
		BC9D5C4829C28D420047B05A /* HabitsTableViewController.swift */ = {isa = PBXFileReference; lastKnownFileType = sourcecode.swift; path = HabitsTableViewController.swift; sourceTree = "<group>"; };
		BC9D5C4929C28D430047B05A /* HabitsTableViewController.xib */ = {isa = PBXFileReference; lastKnownFileType = file.xib; path = HabitsTableViewController.xib; sourceTree = "<group>"; };
		BC9D5C4D29C28DF70047B05A /* UIViewControllerExtensions.swift */ = {isa = PBXFileReference; lastKnownFileType = sourcecode.swift; path = UIViewControllerExtensions.swift; sourceTree = "<group>"; };
		BC9D5C6F29C9261D0047B05A /* Habit.swift */ = {isa = PBXFileReference; lastKnownFileType = sourcecode.swift; path = Habit.swift; sourceTree = "<group>"; };
		BC9D5C7129C9278B0047B05A /* DateExtensions.swift */ = {isa = PBXFileReference; lastKnownFileType = sourcecode.swift; path = DateExtensions.swift; sourceTree = "<group>"; };
		BCEC293629CBC6FE0093FFE3 /* HabitTableViewCell.swift */ = {isa = PBXFileReference; lastKnownFileType = sourcecode.swift; path = HabitTableViewCell.swift; sourceTree = "<group>"; };
		BCEC293729CBC6FE0093FFE3 /* HabitTableViewCell.xib */ = {isa = PBXFileReference; lastKnownFileType = file.xib; path = HabitTableViewCell.xib; sourceTree = "<group>"; };
/* End PBXFileReference section */

/* Begin PBXFrameworksBuildPhase section */
		BC9D5C2E29C28A8C0047B05A /* Frameworks */ = {
			isa = PBXFrameworksBuildPhase;
			buildActionMask = 2147483647;
			files = (
			);
			runOnlyForDeploymentPostprocessing = 0;
		};
/* End PBXFrameworksBuildPhase section */

/* Begin PBXGroup section */
		BC9D5C2829C28A8C0047B05A = {
			isa = PBXGroup;
			children = (
				BC9D5C3329C28A8C0047B05A /* Habitual */,
				BC9D5C3229C28A8C0047B05A /* Products */,
			);
			sourceTree = "<group>";
		};
		BC9D5C3229C28A8C0047B05A /* Products */ = {
			isa = PBXGroup;
			children = (
				BC9D5C3129C28A8C0047B05A /* Habitual.app */,
			);
			name = Products;
			sourceTree = "<group>";
		};
		BC9D5C3329C28A8C0047B05A /* Habitual */ = {
			isa = PBXGroup;
			children = (
				BC9D5C3429C28A8C0047B05A /* AppDelegate.swift */,
				BC9D5C6F29C9261D0047B05A /* Habit.swift */,
				BC9D5C7129C9278B0047B05A /* DateExtensions.swift */,
				BC8795E329D268DE001CDCA6 /* PersistenceLayer.swift */,
				BC9D5C4C29C28D610047B05A /* View */,
				BC9D5C3629C28A8C0047B05A /* SceneDelegate.swift */,
				BC9D5C4D29C28DF70047B05A /* UIViewControllerExtensions.swift */,
				BC9D5C3D29C28A900047B05A /* Assets.xcassets */,
				BC9D5C3F29C28A900047B05A /* LaunchScreen.storyboard */,
				BC9D5C4229C28A900047B05A /* Info.plist */,
			);
			path = Habitual;
			sourceTree = "<group>";
		};
		BC9D5C4C29C28D610047B05A /* View */ = {
			isa = PBXGroup;
			children = (
				BC9D5C4829C28D420047B05A /* HabitsTableViewController.swift */,
				BC9D5C4929C28D430047B05A /* HabitsTableViewController.xib */,
				BCEC293629CBC6FE0093FFE3 /* HabitTableViewCell.swift */,
				BCEC293729CBC6FE0093FFE3 /* HabitTableViewCell.xib */,
				BC8795E529D26BB7001CDCA6 /* AddHabitViewController.swift */,
				BC8795E629D26BB7001CDCA6 /* AddHabitViewController.xib */,
				BC8795E929D26F74001CDCA6 /* HabitImageCollectionViewCell.swift */,
				BC8795EA29D26F74001CDCA6 /* HabitImageCollectionViewCell.xib */,
				BC1C5D7D29D510D30000BFFB /* ConfirmHabitViewController.swift */,
				BC1C5D7E29D510D30000BFFB /* ConfirmHabitViewController.xib */,
				BC5D1EF029DB7EAA00A204A4 /* HabitDetailViewController.swift */,
				BC5D1EF129DB7EAA00A204A4 /* HabitDetailViewController.xib */,
			);
			path = View;
			sourceTree = "<group>";
		};
/* End PBXGroup section */

/* Begin PBXNativeTarget section */
		BC9D5C3029C28A8C0047B05A /* Habitual */ = {
			isa = PBXNativeTarget;
			buildConfigurationList = BC9D5C4529C28A900047B05A /* Build configuration list for PBXNativeTarget "Habitual" */;
			buildPhases = (
				BC9D5C2D29C28A8C0047B05A /* Sources */,
				BC9D5C2E29C28A8C0047B05A /* Frameworks */,
				BC9D5C2F29C28A8C0047B05A /* Resources */,
			);
			buildRules = (
			);
			dependencies = (
			);
			name = Habitual;
			productName = Habitual;
			productReference = BC9D5C3129C28A8C0047B05A /* Habitual.app */;
			productType = "com.apple.product-type.application";
		};
/* End PBXNativeTarget section */

/* Begin PBXProject section */
		BC9D5C2929C28A8C0047B05A /* Project object */ = {
			isa = PBXProject;
			attributes = {
				BuildIndependentTargetsInParallel = 1;
				LastSwiftUpdateCheck = 1420;
				LastUpgradeCheck = 1420;
				TargetAttributes = {
					BC9D5C3029C28A8C0047B05A = {
						CreatedOnToolsVersion = 14.2;
					};
				};
			};
			buildConfigurationList = BC9D5C2C29C28A8C0047B05A /* Build configuration list for PBXProject "Habitual" */;
			compatibilityVersion = "Xcode 14.0";
			developmentRegion = en;
			hasScannedForEncodings = 0;
			knownRegions = (
				en,
				Base,
			);
			mainGroup = BC9D5C2829C28A8C0047B05A;
			productRefGroup = BC9D5C3229C28A8C0047B05A /* Products */;
			projectDirPath = "";
			projectRoot = "";
			targets = (
				BC9D5C3029C28A8C0047B05A /* Habitual */,
			);
		};
/* End PBXProject section */

/* Begin PBXResourcesBuildPhase section */
		BC9D5C2F29C28A8C0047B05A /* Resources */ = {
			isa = PBXResourcesBuildPhase;
			buildActionMask = 2147483647;
			files = (
				BC5D1EF329DB7EAA00A204A4 /* HabitDetailViewController.xib in Resources */,
				BC9D5C4129C28A900047B05A /* LaunchScreen.storyboard in Resources */,
				BC8795E829D26BB7001CDCA6 /* AddHabitViewController.xib in Resources */,
				BC1C5D8029D510D30000BFFB /* ConfirmHabitViewController.xib in Resources */,
				BC9D5C4B29C28D430047B05A /* HabitsTableViewController.xib in Resources */,
				BCEC293929CBC6FE0093FFE3 /* HabitTableViewCell.xib in Resources */,
				BC8795EC29D26F74001CDCA6 /* HabitImageCollectionViewCell.xib in Resources */,
				BC9D5C3E29C28A900047B05A /* Assets.xcassets in Resources */,
			);
			runOnlyForDeploymentPostprocessing = 0;
		};
/* End PBXResourcesBuildPhase section */

/* Begin PBXSourcesBuildPhase section */
		BC9D5C2D29C28A8C0047B05A /* Sources */ = {
			isa = PBXSourcesBuildPhase;
			buildActionMask = 2147483647;
			files = (
				BC5D1EF229DB7EAA00A204A4 /* HabitDetailViewController.swift in Sources */,
				BC9D5C4E29C28DF70047B05A /* UIViewControllerExtensions.swift in Sources */,
				BC9D5C7029C9261D0047B05A /* Habit.swift in Sources */,
				BC9D5C3529C28A8C0047B05A /* AppDelegate.swift in Sources */,
				BC8795E429D268DE001CDCA6 /* PersistenceLayer.swift in Sources */,
				BC9D5C3729C28A8C0047B05A /* SceneDelegate.swift in Sources */,
				BC9D5C4A29C28D430047B05A /* HabitsTableViewController.swift in Sources */,
				BCEC293829CBC6FE0093FFE3 /* HabitTableViewCell.swift in Sources */,
				BC8795EB29D26F74001CDCA6 /* HabitImageCollectionViewCell.swift in Sources */,
				BC8795E729D26BB7001CDCA6 /* AddHabitViewController.swift in Sources */,
				BC1C5D7F29D510D30000BFFB /* ConfirmHabitViewController.swift in Sources */,
				BC9D5C7229C9278B0047B05A /* DateExtensions.swift in Sources */,
			);
			runOnlyForDeploymentPostprocessing = 0;
		};
/* End PBXSourcesBuildPhase section */

/* Begin PBXVariantGroup section */
		BC9D5C3F29C28A900047B05A /* LaunchScreen.storyboard */ = {
			isa = PBXVariantGroup;
			children = (
				BC9D5C4029C28A900047B05A /* Base */,
			);
			name = LaunchScreen.storyboard;
			sourceTree = "<group>";
		};
/* End PBXVariantGroup section */

/* Begin XCBuildConfiguration section */
		BC9D5C4329C28A900047B05A /* Debug */ = {
			isa = XCBuildConfiguration;
			buildSettings = {
				ALWAYS_SEARCH_USER_PATHS = NO;
				CLANG_ANALYZER_NONNULL = YES;
				CLANG_ANALYZER_NUMBER_OBJECT_CONVERSION = YES_AGGRESSIVE;
				CLANG_CXX_LANGUAGE_STANDARD = "gnu++20";
				CLANG_ENABLE_MODULES = YES;
				CLANG_ENABLE_OBJC_ARC = YES;
				CLANG_ENABLE_OBJC_WEAK = YES;
				CLANG_WARN_BLOCK_CAPTURE_AUTORELEASING = YES;
				CLANG_WARN_BOOL_CONVERSION = YES;
				CLANG_WARN_COMMA = YES;
				CLANG_WARN_CONSTANT_CONVERSION = YES;
				CLANG_WARN_DEPRECATED_OBJC_IMPLEMENTATIONS = YES;
				CLANG_WARN_DIRECT_OBJC_ISA_USAGE = YES_ERROR;
				CLANG_WARN_DOCUMENTATION_COMMENTS = YES;
				CLANG_WARN_EMPTY_BODY = YES;
				CLANG_WARN_ENUM_CONVERSION = YES;
				CLANG_WARN_INFINITE_RECURSION = YES;
				CLANG_WARN_INT_CONVERSION = YES;
				CLANG_WARN_NON_LITERAL_NULL_CONVERSION = YES;
				CLANG_WARN_OBJC_IMPLICIT_RETAIN_SELF = YES;
				CLANG_WARN_OBJC_LITERAL_CONVERSION = YES;
				CLANG_WARN_OBJC_ROOT_CLASS = YES_ERROR;
				CLANG_WARN_QUOTED_INCLUDE_IN_FRAMEWORK_HEADER = YES;
				CLANG_WARN_RANGE_LOOP_ANALYSIS = YES;
				CLANG_WARN_STRICT_PROTOTYPES = YES;
				CLANG_WARN_SUSPICIOUS_MOVE = YES;
				CLANG_WARN_UNGUARDED_AVAILABILITY = YES_AGGRESSIVE;
				CLANG_WARN_UNREACHABLE_CODE = YES;
				CLANG_WARN__DUPLICATE_METHOD_MATCH = YES;
				COPY_PHASE_STRIP = NO;
				DEBUG_INFORMATION_FORMAT = dwarf;
				ENABLE_STRICT_OBJC_MSGSEND = YES;
				ENABLE_TESTABILITY = YES;
				GCC_C_LANGUAGE_STANDARD = gnu11;
				GCC_DYNAMIC_NO_PIC = NO;
				GCC_NO_COMMON_BLOCKS = YES;
				GCC_OPTIMIZATION_LEVEL = 0;
				GCC_PREPROCESSOR_DEFINITIONS = (
					"DEBUG=1",
					"$(inherited)",
				);
				GCC_WARN_64_TO_32_BIT_CONVERSION = YES;
				GCC_WARN_ABOUT_RETURN_TYPE = YES_ERROR;
				GCC_WARN_UNDECLARED_SELECTOR = YES;
				GCC_WARN_UNINITIALIZED_AUTOS = YES_AGGRESSIVE;
				GCC_WARN_UNUSED_FUNCTION = YES;
				GCC_WARN_UNUSED_VARIABLE = YES;
				IPHONEOS_DEPLOYMENT_TARGET = 16.2;
				MTL_ENABLE_DEBUG_INFO = INCLUDE_SOURCE;
				MTL_FAST_MATH = YES;
				ONLY_ACTIVE_ARCH = YES;
				SDKROOT = iphoneos;
				SWIFT_ACTIVE_COMPILATION_CONDITIONS = DEBUG;
				SWIFT_OPTIMIZATION_LEVEL = "-Onone";
			};
			name = Debug;
		};
		BC9D5C4429C28A900047B05A /* Release */ = {
			isa = XCBuildConfiguration;
			buildSettings = {
				ALWAYS_SEARCH_USER_PATHS = NO;
				CLANG_ANALYZER_NONNULL = YES;
				CLANG_ANALYZER_NUMBER_OBJECT_CONVERSION = YES_AGGRESSIVE;
				CLANG_CXX_LANGUAGE_STANDARD = "gnu++20";
				CLANG_ENABLE_MODULES = YES;
				CLANG_ENABLE_OBJC_ARC = YES;
				CLANG_ENABLE_OBJC_WEAK = YES;
				CLANG_WARN_BLOCK_CAPTURE_AUTORELEASING = YES;
				CLANG_WARN_BOOL_CONVERSION = YES;
				CLANG_WARN_COMMA = YES;
				CLANG_WARN_CONSTANT_CONVERSION = YES;
				CLANG_WARN_DEPRECATED_OBJC_IMPLEMENTATIONS = YES;
				CLANG_WARN_DIRECT_OBJC_ISA_USAGE = YES_ERROR;
				CLANG_WARN_DOCUMENTATION_COMMENTS = YES;
				CLANG_WARN_EMPTY_BODY = YES;
				CLANG_WARN_ENUM_CONVERSION = YES;
				CLANG_WARN_INFINITE_RECURSION = YES;
				CLANG_WARN_INT_CONVERSION = YES;
				CLANG_WARN_NON_LITERAL_NULL_CONVERSION = YES;
				CLANG_WARN_OBJC_IMPLICIT_RETAIN_SELF = YES;
				CLANG_WARN_OBJC_LITERAL_CONVERSION = YES;
				CLANG_WARN_OBJC_ROOT_CLASS = YES_ERROR;
				CLANG_WARN_QUOTED_INCLUDE_IN_FRAMEWORK_HEADER = YES;
				CLANG_WARN_RANGE_LOOP_ANALYSIS = YES;
				CLANG_WARN_STRICT_PROTOTYPES = YES;
				CLANG_WARN_SUSPICIOUS_MOVE = YES;
				CLANG_WARN_UNGUARDED_AVAILABILITY = YES_AGGRESSIVE;
				CLANG_WARN_UNREACHABLE_CODE = YES;
				CLANG_WARN__DUPLICATE_METHOD_MATCH = YES;
				COPY_PHASE_STRIP = NO;
				DEBUG_INFORMATION_FORMAT = "dwarf-with-dsym";
				ENABLE_NS_ASSERTIONS = NO;
				ENABLE_STRICT_OBJC_MSGSEND = YES;
				GCC_C_LANGUAGE_STANDARD = gnu11;
				GCC_NO_COMMON_BLOCKS = YES;
				GCC_WARN_64_TO_32_BIT_CONVERSION = YES;
				GCC_WARN_ABOUT_RETURN_TYPE = YES_ERROR;
				GCC_WARN_UNDECLARED_SELECTOR = YES;
				GCC_WARN_UNINITIALIZED_AUTOS = YES_AGGRESSIVE;
				GCC_WARN_UNUSED_FUNCTION = YES;
				GCC_WARN_UNUSED_VARIABLE = YES;
				IPHONEOS_DEPLOYMENT_TARGET = 16.2;
				MTL_ENABLE_DEBUG_INFO = NO;
				MTL_FAST_MATH = YES;
				SDKROOT = iphoneos;
				SWIFT_COMPILATION_MODE = wholemodule;
				SWIFT_OPTIMIZATION_LEVEL = "-O";
				VALIDATE_PRODUCT = YES;
			};
			name = Release;
		};
		BC9D5C4629C28A900047B05A /* Debug */ = {
			isa = XCBuildConfiguration;
			buildSettings = {
				ASSETCATALOG_COMPILER_APPICON_NAME = AppIcon;
				ASSETCATALOG_COMPILER_GLOBAL_ACCENT_COLOR_NAME = AccentColor;
				CODE_SIGN_STYLE = Automatic;
				CURRENT_PROJECT_VERSION = 1;
				GENERATE_INFOPLIST_FILE = YES;
				INFOPLIST_FILE = Habitual/Info.plist;
				INFOPLIST_KEY_UIApplicationSupportsIndirectInputEvents = YES;
				INFOPLIST_KEY_UILaunchStoryboardName = LaunchScreen;
				INFOPLIST_KEY_UISupportedInterfaceOrientations_iPad = "UIInterfaceOrientationPortrait UIInterfaceOrientationPortraitUpsideDown UIInterfaceOrientationLandscapeLeft UIInterfaceOrientationLandscapeRight";
				INFOPLIST_KEY_UISupportedInterfaceOrientations_iPhone = "UIInterfaceOrientationPortrait UIInterfaceOrientationLandscapeLeft UIInterfaceOrientationLandscapeRight";
				LD_RUNPATH_SEARCH_PATHS = (
					"$(inherited)",
					"@executable_path/Frameworks",
				);
				MARKETING_VERSION = 1.0;
				PRODUCT_BUNDLE_IDENTIFIER = com.cs3004.Habitual;
				PRODUCT_NAME = "$(TARGET_NAME)";
				SWIFT_EMIT_LOC_STRINGS = YES;
				SWIFT_VERSION = 5.0;
				TARGETED_DEVICE_FAMILY = "1,2";
			};
			name = Debug;
		};
		BC9D5C4729C28A900047B05A /* Release */ = {
			isa = XCBuildConfiguration;
			buildSettings = {
				ASSETCATALOG_COMPILER_APPICON_NAME = AppIcon;
				ASSETCATALOG_COMPILER_GLOBAL_ACCENT_COLOR_NAME = AccentColor;
				CODE_SIGN_STYLE = Automatic;
				CURRENT_PROJECT_VERSION = 1;
				GENERATE_INFOPLIST_FILE = YES;
				INFOPLIST_FILE = Habitual/Info.plist;
				INFOPLIST_KEY_UIApplicationSupportsIndirectInputEvents = YES;
				INFOPLIST_KEY_UILaunchStoryboardName = LaunchScreen;
				INFOPLIST_KEY_UISupportedInterfaceOrientations_iPad = "UIInterfaceOrientationPortrait UIInterfaceOrientationPortraitUpsideDown UIInterfaceOrientationLandscapeLeft UIInterfaceOrientationLandscapeRight";
				INFOPLIST_KEY_UISupportedInterfaceOrientations_iPhone = "UIInterfaceOrientationPortrait UIInterfaceOrientationLandscapeLeft UIInterfaceOrientationLandscapeRight";
				LD_RUNPATH_SEARCH_PATHS = (
					"$(inherited)",
					"@executable_path/Frameworks",
				);
				MARKETING_VERSION = 1.0;
				PRODUCT_BUNDLE_IDENTIFIER = com.cs3004.Habitual;
				PRODUCT_NAME = "$(TARGET_NAME)";
				SWIFT_EMIT_LOC_STRINGS = YES;
				SWIFT_VERSION = 5.0;
				TARGETED_DEVICE_FAMILY = "1,2";
			};
			name = Release;
		};
/* End XCBuildConfiguration section */

/* Begin XCConfigurationList section */
		BC9D5C2C29C28A8C0047B05A /* Build configuration list for PBXProject "Habitual" */ = {
			isa = XCConfigurationList;
			buildConfigurations = (
				BC9D5C4329C28A900047B05A /* Debug */,
				BC9D5C4429C28A900047B05A /* Release */,
			);
			defaultConfigurationIsVisible = 0;
			defaultConfigurationName = Release;
		};
		BC9D5C4529C28A900047B05A /* Build configuration list for PBXNativeTarget "Habitual" */ = {
			isa = XCConfigurationList;
			buildConfigurations = (
				BC9D5C4629C28A900047B05A /* Debug */,
				BC9D5C4729C28A900047B05A /* Release */,
			);
			defaultConfigurationIsVisible = 0;
			defaultConfigurationName = Release;
		};
/* End XCConfigurationList section */
	};
	rootObject = BC9D5C2929C28A8C0047B05A /* Project object */;
}
